
Microsoft Visual Studio Solution File, Format Version 12.00
# Visual Studio Version 16
VisualStudioVersion = 16.0.30523.141
MinimumVisualStudioVersion = 10.0.40219.1
Project("{FAE04EC0-301F-11D3-BF4B-00C04F79EFBC}") = "calculatrice", "calculatrice\calculatrice.csproj", "{5EE1327C-97A3-4017-8CA1-84F26970DFF2}"
EndProject
Global
	GlobalSection(SolutionConfigurationPlatforms) = preSolution
		Debug|Any CPU = Debug|Any CPU
		Release|Any CPU = Release|Any CPU
	EndGlobalSection
	GlobalSection(ProjectConfigurationPlatforms) = postSolution
		{5EE1327C-97A3-4017-8CA1-84F26970DFF2}.Debug|Any CPU.ActiveCfg = Debug|Any CPU
		{5EE1327C-97A3-4017-8CA1-84F26970DFF2}.Debug|Any CPU.Build.0 = Debug|Any CPU
		{5EE1327C-97A3-4017-8CA1-84F26970DFF2}.Release|Any CPU.ActiveCfg = Release|Any CPU
		{5EE1327C-97A3-4017-8CA1-84F26970DFF2}.Release|Any CPU.Build.0 = Release|Any CPU
	EndGlobalSection
	GlobalSection(SolutionProperties) = preSolution
		HideSolutionNode = FALSE
	EndGlobalSection
	GlobalSection(ExtensibilityGlobals) = postSolution
		SolutionGuid = {B1B91AF3-A208-4AED-9C71-22ADC34D213C}
	EndGlobalSection
EndGlobal
