
Microsoft Visual Studio Solution File, Format Version 12.00
# Visual Studio Version 16
VisualStudioVersion = 16.0.30523.141
MinimumVisualStudioVersion = 10.0.40219.1
Project("{FAE04EC0-301F-11D3-BF4B-00C04F79EFBC}") = "calculatrice", "calculatrice\calculatrice.csproj", "{C2B71FEE-BDDD-4D9E-AC61-86526A210CD1}"
EndProject
Project("{FAE04EC0-301F-11D3-BF4B-00C04F79EFBC}") = "controlesSaisie", "controlesSaisie\controlesSaisie.csproj", "{B38C78B1-4819-43DD-BB4B-62E730A560DB}"
EndProject
Project("{2150E333-8FDC-42A3-9474-1A3956D46DE8}") = "calculatrice_exercice", "calculatrice_exercice", "{5D7A6F74-B1B3-4763-A9F6-E7F793A6DC31}"
EndProject
Project("{2150E333-8FDC-42A3-9474-1A3956D46DE8}") = "controlesSaisie_exercice", "controlesSaisie_exercice", "{302F75FF-2B48-44F7-B7CA-8DA62061F665}"
EndProject
Project("{FAE04EC0-301F-11D3-BF4B-00C04F79EFBC}") = "ClassLibraryFacture", "ClassLibraryFacture\ClassLibraryFacture.csproj", "{FCDDA39F-FF38-42EA-8CB4-733D8D81C10D}"
EndProject
Project("{FAE04EC0-301F-11D3-BF4B-00C04F79EFBC}") = "ClassLibraryToolsVerifications", "ClassLibraryToolsVerifications\ClassLibraryToolsVerifications.csproj", "{8D7AA6B1-79D7-4068-B1D2-EC1670CE5568}"
EndProject
Project("{2150E333-8FDC-42A3-9474-1A3956D46DE8}") = "checkBox_radioButton", "checkBox_radioButton", "{0AD6E391-87B8-4F54-B9BE-60BE0A3957DC}"
EndProject
Project("{FAE04EC0-301F-11D3-BF4B-00C04F79EFBC}") = "WindowsFormsAppCheckBoxRadioButton", "WindowsFormsAppCheckBoxRadioButton\WindowsFormsAppCheckBoxRadioButton.csproj", "{0E6C414E-2F07-4DFF-93AE-33BFB6720745}"
EndProject
Project("{2150E333-8FDC-42A3-9474-1A3956D46DE8}") = "basesListBox", "basesListBox", "{DDB3CAC0-1AF8-41EA-9A09-C0D06B953A78}"
EndProject
Project("{FAE04EC0-301F-11D3-BF4B-00C04F79EFBC}") = "WindowsFormsAppListBoxBases", "WindowsFormsAppListBoxBases\WindowsFormsAppListBoxBases.csproj", "{F12AB0A5-139B-482B-B954-97339CE6441B}"
EndProject
Project("{2150E333-8FDC-42A3-9474-1A3956D46DE8}") = "Tools", "Tools", "{660627FF-C4F9-49FF-85E7-EDF7D3C23B95}"
EndProject
Project("{FAE04EC0-301F-11D3-BF4B-00C04F79EFBC}") = "WindowsFormsAppListBoxAndComboBox", "WindowsFormsAppListBoxAndComboBox\WindowsFormsAppListBoxAndComboBox.csproj", "{F936AB47-D1B0-48E6-B0A1-E3FD4968098A}"
EndProject
Project("{2150E333-8FDC-42A3-9474-1A3956D46DE8}") = "comboBox listBox", "comboBox listBox", "{08709E44-9316-4861-90CF-7F1AFA4FAECC}"
EndProject
Project("{2150E333-8FDC-42A3-9474-1A3956D46DE8}") = "defilement", "defilement", "{1C0695C7-A1CE-4BF5-B0FB-FA599CC5CE94}"
EndProject
Project("{FAE04EC0-301F-11D3-BF4B-00C04F79EFBC}") = "WindowsFormsAppDefilement", "WindowsFormsAppDefilement\WindowsFormsAppDefilement.csproj", "{BD217794-E593-42FF-AE73-C354F4AC17DE}"
EndProject
Project("{2150E333-8FDC-42A3-9474-1A3956D46DE8}") = "Emprunt", "Emprunt", "{A1F3E074-636D-4383-8334-4141CAE5A937}"
EndProject
Project("{FAE04EC0-301F-11D3-BF4B-00C04F79EFBC}") = "WindowsFormsAppEmprunt", "WindowsFormsAppEmprunt\WindowsFormsAppEmprunt.csproj", "{66C20529-742A-413B-9C59-6B70E774E64E}"
EndProject
Project("{FAE04EC0-301F-11D3-BF4B-00C04F79EFBC}") = "ClassLibraryEmprunt", "ClassLibraryEmprunt\ClassLibraryEmprunt.csproj", "{664C2AE6-BEFF-4BE4-B103-6534F8FABF38}"
EndProject
Project("{2150E333-8FDC-42A3-9474-1A3956D46DE8}") = "MDI", "MDI", "{AC044DDC-4D7C-4B7D-AB91-B68331AFA9FF}"
EndProject
Project("{FAE04EC0-301F-11D3-BF4B-00C04F79EFBC}") = "WindowsFormsAppMenu", "WindowsFormsAppMenu\WindowsFormsAppMenu.csproj", "{6740F515-A6B8-4A55-86ED-762F4E9117DD}"
EndProject
Project("{FAE04EC0-301F-11D3-BF4B-00C04F79EFBC}") = "WindowsFormsAppToutEmbal", "WindowsFormsAppToutEmbal\WindowsFormsAppToutEmbal.csproj", "{CDE75AC4-B631-40A6-B33E-83B6D26C56CB}"
EndProject
Project("{2150E333-8FDC-42A3-9474-1A3956D46DE8}") = "ToutEmbal", "ToutEmbal", "{BBFF1514-3646-4558-967F-B098A05C997D}"
EndProject
Project("{FAE04EC0-301F-11D3-BF4B-00C04F79EFBC}") = "ClassLibraryProduction", "ClassLibraryProduction\ClassLibraryProduction.csproj", "{7343872D-D271-4B46-B868-035748BDCBED}"
EndProject
Project("{FAE04EC0-301F-11D3-BF4B-00C04F79EFBC}") = "ConsoleAppTestProduction", "ConsoleAppTestProduction\ConsoleAppTestProduction.csproj", "{7B900C96-BC80-4286-A080-FDC8D6892821}"
EndProject
Project("{FAE04EC0-301F-11D3-BF4B-00C04F79EFBC}") = "ClassLibraryUserControlToutEmbal", "ClassLibraryUserControlToutEmbal\ClassLibraryUserControlToutEmbal.csproj", "{D83C95A4-7BCD-4DB3-AAC5-FFC10C141E58}"
EndProject
Global
	GlobalSection(SolutionConfigurationPlatforms) = preSolution
		Debug|Any CPU = Debug|Any CPU
		Release|Any CPU = Release|Any CPU
	EndGlobalSection
	GlobalSection(ProjectConfigurationPlatforms) = postSolution
		{C2B71FEE-BDDD-4D9E-AC61-86526A210CD1}.Debug|Any CPU.ActiveCfg = Debug|Any CPU
		{C2B71FEE-BDDD-4D9E-AC61-86526A210CD1}.Debug|Any CPU.Build.0 = Debug|Any CPU
		{C2B71FEE-BDDD-4D9E-AC61-86526A210CD1}.Release|Any CPU.ActiveCfg = Release|Any CPU
		{C2B71FEE-BDDD-4D9E-AC61-86526A210CD1}.Release|Any CPU.Build.0 = Release|Any CPU
		{B38C78B1-4819-43DD-BB4B-62E730A560DB}.Debug|Any CPU.ActiveCfg = Debug|Any CPU
		{B38C78B1-4819-43DD-BB4B-62E730A560DB}.Debug|Any CPU.Build.0 = Debug|Any CPU
		{B38C78B1-4819-43DD-BB4B-62E730A560DB}.Release|Any CPU.ActiveCfg = Release|Any CPU
		{B38C78B1-4819-43DD-BB4B-62E730A560DB}.Release|Any CPU.Build.0 = Release|Any CPU
		{FCDDA39F-FF38-42EA-8CB4-733D8D81C10D}.Debug|Any CPU.ActiveCfg = Debug|Any CPU
		{FCDDA39F-FF38-42EA-8CB4-733D8D81C10D}.Debug|Any CPU.Build.0 = Debug|Any CPU
		{FCDDA39F-FF38-42EA-8CB4-733D8D81C10D}.Release|Any CPU.ActiveCfg = Release|Any CPU
		{FCDDA39F-FF38-42EA-8CB4-733D8D81C10D}.Release|Any CPU.Build.0 = Release|Any CPU
		{8D7AA6B1-79D7-4068-B1D2-EC1670CE5568}.Debug|Any CPU.ActiveCfg = Debug|Any CPU
		{8D7AA6B1-79D7-4068-B1D2-EC1670CE5568}.Debug|Any CPU.Build.0 = Debug|Any CPU
		{8D7AA6B1-79D7-4068-B1D2-EC1670CE5568}.Release|Any CPU.ActiveCfg = Release|Any CPU
		{8D7AA6B1-79D7-4068-B1D2-EC1670CE5568}.Release|Any CPU.Build.0 = Release|Any CPU
		{0E6C414E-2F07-4DFF-93AE-33BFB6720745}.Debug|Any CPU.ActiveCfg = Debug|Any CPU
		{0E6C414E-2F07-4DFF-93AE-33BFB6720745}.Debug|Any CPU.Build.0 = Debug|Any CPU
		{0E6C414E-2F07-4DFF-93AE-33BFB6720745}.Release|Any CPU.ActiveCfg = Release|Any CPU
		{0E6C414E-2F07-4DFF-93AE-33BFB6720745}.Release|Any CPU.Build.0 = Release|Any CPU
		{F12AB0A5-139B-482B-B954-97339CE6441B}.Debug|Any CPU.ActiveCfg = Debug|Any CPU
		{F12AB0A5-139B-482B-B954-97339CE6441B}.Debug|Any CPU.Build.0 = Debug|Any CPU
		{F12AB0A5-139B-482B-B954-97339CE6441B}.Release|Any CPU.ActiveCfg = Release|Any CPU
		{F12AB0A5-139B-482B-B954-97339CE6441B}.Release|Any CPU.Build.0 = Release|Any CPU
		{F936AB47-D1B0-48E6-B0A1-E3FD4968098A}.Debug|Any CPU.ActiveCfg = Debug|Any CPU
		{F936AB47-D1B0-48E6-B0A1-E3FD4968098A}.Debug|Any CPU.Build.0 = Debug|Any CPU
		{F936AB47-D1B0-48E6-B0A1-E3FD4968098A}.Release|Any CPU.ActiveCfg = Release|Any CPU
		{F936AB47-D1B0-48E6-B0A1-E3FD4968098A}.Release|Any CPU.Build.0 = Release|Any CPU
		{BD217794-E593-42FF-AE73-C354F4AC17DE}.Debug|Any CPU.ActiveCfg = Debug|Any CPU
		{BD217794-E593-42FF-AE73-C354F4AC17DE}.Debug|Any CPU.Build.0 = Debug|Any CPU
		{BD217794-E593-42FF-AE73-C354F4AC17DE}.Release|Any CPU.ActiveCfg = Release|Any CPU
		{BD217794-E593-42FF-AE73-C354F4AC17DE}.Release|Any CPU.Build.0 = Release|Any CPU
		{66C20529-742A-413B-9C59-6B70E774E64E}.Debug|Any CPU.ActiveCfg = Debug|Any CPU
		{66C20529-742A-413B-9C59-6B70E774E64E}.Debug|Any CPU.Build.0 = Debug|Any CPU
		{66C20529-742A-413B-9C59-6B70E774E64E}.Release|Any CPU.ActiveCfg = Release|Any CPU
		{66C20529-742A-413B-9C59-6B70E774E64E}.Release|Any CPU.Build.0 = Release|Any CPU
		{664C2AE6-BEFF-4BE4-B103-6534F8FABF38}.Debug|Any CPU.ActiveCfg = Debug|Any CPU
		{664C2AE6-BEFF-4BE4-B103-6534F8FABF38}.Debug|Any CPU.Build.0 = Debug|Any CPU
		{664C2AE6-BEFF-4BE4-B103-6534F8FABF38}.Release|Any CPU.ActiveCfg = Release|Any CPU
		{664C2AE6-BEFF-4BE4-B103-6534F8FABF38}.Release|Any CPU.Build.0 = Release|Any CPU
		{6740F515-A6B8-4A55-86ED-762F4E9117DD}.Debug|Any CPU.ActiveCfg = Debug|Any CPU
		{6740F515-A6B8-4A55-86ED-762F4E9117DD}.Debug|Any CPU.Build.0 = Debug|Any CPU
		{6740F515-A6B8-4A55-86ED-762F4E9117DD}.Release|Any CPU.ActiveCfg = Release|Any CPU
		{6740F515-A6B8-4A55-86ED-762F4E9117DD}.Release|Any CPU.Build.0 = Release|Any CPU
		{CDE75AC4-B631-40A6-B33E-83B6D26C56CB}.Debug|Any CPU.ActiveCfg = Debug|Any CPU
		{CDE75AC4-B631-40A6-B33E-83B6D26C56CB}.Debug|Any CPU.Build.0 = Debug|Any CPU
		{CDE75AC4-B631-40A6-B33E-83B6D26C56CB}.Release|Any CPU.ActiveCfg = Release|Any CPU
		{CDE75AC4-B631-40A6-B33E-83B6D26C56CB}.Release|Any CPU.Build.0 = Release|Any CPU
		{7343872D-D271-4B46-B868-035748BDCBED}.Debug|Any CPU.ActiveCfg = Debug|Any CPU
		{7343872D-D271-4B46-B868-035748BDCBED}.Debug|Any CPU.Build.0 = Debug|Any CPU
		{7343872D-D271-4B46-B868-035748BDCBED}.Release|Any CPU.ActiveCfg = Release|Any CPU
		{7343872D-D271-4B46-B868-035748BDCBED}.Release|Any CPU.Build.0 = Release|Any CPU
		{7B900C96-BC80-4286-A080-FDC8D6892821}.Debug|Any CPU.ActiveCfg = Debug|Any CPU
		{7B900C96-BC80-4286-A080-FDC8D6892821}.Debug|Any CPU.Build.0 = Debug|Any CPU
		{7B900C96-BC80-4286-A080-FDC8D6892821}.Release|Any CPU.ActiveCfg = Release|Any CPU
		{7B900C96-BC80-4286-A080-FDC8D6892821}.Release|Any CPU.Build.0 = Release|Any CPU
		{D83C95A4-7BCD-4DB3-AAC5-FFC10C141E58}.Debug|Any CPU.ActiveCfg = Debug|Any CPU
		{D83C95A4-7BCD-4DB3-AAC5-FFC10C141E58}.Debug|Any CPU.Build.0 = Debug|Any CPU
		{D83C95A4-7BCD-4DB3-AAC5-FFC10C141E58}.Release|Any CPU.ActiveCfg = Release|Any CPU
		{D83C95A4-7BCD-4DB3-AAC5-FFC10C141E58}.Release|Any CPU.Build.0 = Release|Any CPU
	EndGlobalSection
	GlobalSection(SolutionProperties) = preSolution
		HideSolutionNode = FALSE
	EndGlobalSection
	GlobalSection(NestedProjects) = preSolution
		{C2B71FEE-BDDD-4D9E-AC61-86526A210CD1} = {5D7A6F74-B1B3-4763-A9F6-E7F793A6DC31}
		{B38C78B1-4819-43DD-BB4B-62E730A560DB} = {302F75FF-2B48-44F7-B7CA-8DA62061F665}
		{FCDDA39F-FF38-42EA-8CB4-733D8D81C10D} = {302F75FF-2B48-44F7-B7CA-8DA62061F665}
		{8D7AA6B1-79D7-4068-B1D2-EC1670CE5568} = {660627FF-C4F9-49FF-85E7-EDF7D3C23B95}
		{0E6C414E-2F07-4DFF-93AE-33BFB6720745} = {0AD6E391-87B8-4F54-B9BE-60BE0A3957DC}
		{F12AB0A5-139B-482B-B954-97339CE6441B} = {DDB3CAC0-1AF8-41EA-9A09-C0D06B953A78}
		{F936AB47-D1B0-48E6-B0A1-E3FD4968098A} = {08709E44-9316-4861-90CF-7F1AFA4FAECC}
		{BD217794-E593-42FF-AE73-C354F4AC17DE} = {1C0695C7-A1CE-4BF5-B0FB-FA599CC5CE94}
		{66C20529-742A-413B-9C59-6B70E774E64E} = {A1F3E074-636D-4383-8334-4141CAE5A937}
		{664C2AE6-BEFF-4BE4-B103-6534F8FABF38} = {A1F3E074-636D-4383-8334-4141CAE5A937}
		{6740F515-A6B8-4A55-86ED-762F4E9117DD} = {AC044DDC-4D7C-4B7D-AB91-B68331AFA9FF}
		{CDE75AC4-B631-40A6-B33E-83B6D26C56CB} = {BBFF1514-3646-4558-967F-B098A05C997D}
		{7343872D-D271-4B46-B868-035748BDCBED} = {BBFF1514-3646-4558-967F-B098A05C997D}
		{7B900C96-BC80-4286-A080-FDC8D6892821} = {BBFF1514-3646-4558-967F-B098A05C997D}
		{D83C95A4-7BCD-4DB3-AAC5-FFC10C141E58} = {BBFF1514-3646-4558-967F-B098A05C997D}
	EndGlobalSection
	GlobalSection(ExtensibilityGlobals) = postSolution
		SolutionGuid = {B1B91AF3-A208-4AED-9C71-22ADC34D213C}
	EndGlobalSection
EndGlobal
