
Microsoft Visual Studio Solution File, Format Version 12.00
# Visual Studio Version 16
VisualStudioVersion = 16.0.30523.141
MinimumVisualStudioVersion = 10.0.40219.1
Project("{FAE04EC0-301F-11D3-BF4B-00C04F79EFBC}") = "ClassLibraryZoo", "ClassLibraryZoo\ClassLibraryZoo.csproj", "{18DB6D45-6D1C-464C-A50D-E3CB6291F9D6}"
EndProject
Project("{FAE04EC0-301F-11D3-BF4B-00C04F79EFBC}") = "ConsoleAppTestZoo", "ConsoleAppTestZoo\ConsoleAppTestZoo.csproj", "{2F8540DB-68F8-4DC9-B462-357D164F5C10}"
EndProject
Project("{FAE04EC0-301F-11D3-BF4B-00C04F79EFBC}") = "ConsoleAppTestSortTableau", "ConsoleAppTestSortTableau\ConsoleAppTestSortTableau.csproj", "{F04C1702-BE98-4B9C-931E-27BD348AB7CE}"
EndProject
Global
	GlobalSection(SolutionConfigurationPlatforms) = preSolution
		Debug|Any CPU = Debug|Any CPU
		Release|Any CPU = Release|Any CPU
	EndGlobalSection
	GlobalSection(ProjectConfigurationPlatforms) = postSolution
		{18DB6D45-6D1C-464C-A50D-E3CB6291F9D6}.Debug|Any CPU.ActiveCfg = Debug|Any CPU
		{18DB6D45-6D1C-464C-A50D-E3CB6291F9D6}.Debug|Any CPU.Build.0 = Debug|Any CPU
		{18DB6D45-6D1C-464C-A50D-E3CB6291F9D6}.Release|Any CPU.ActiveCfg = Release|Any CPU
		{18DB6D45-6D1C-464C-A50D-E3CB6291F9D6}.Release|Any CPU.Build.0 = Release|Any CPU
		{2F8540DB-68F8-4DC9-B462-357D164F5C10}.Debug|Any CPU.ActiveCfg = Debug|Any CPU
		{2F8540DB-68F8-4DC9-B462-357D164F5C10}.Debug|Any CPU.Build.0 = Debug|Any CPU
		{2F8540DB-68F8-4DC9-B462-357D164F5C10}.Release|Any CPU.ActiveCfg = Release|Any CPU
		{2F8540DB-68F8-4DC9-B462-357D164F5C10}.Release|Any CPU.Build.0 = Release|Any CPU
		{F04C1702-BE98-4B9C-931E-27BD348AB7CE}.Debug|Any CPU.ActiveCfg = Debug|Any CPU
		{F04C1702-BE98-4B9C-931E-27BD348AB7CE}.Debug|Any CPU.Build.0 = Debug|Any CPU
		{F04C1702-BE98-4B9C-931E-27BD348AB7CE}.Release|Any CPU.ActiveCfg = Release|Any CPU
		{F04C1702-BE98-4B9C-931E-27BD348AB7CE}.Release|Any CPU.Build.0 = Release|Any CPU
	EndGlobalSection
	GlobalSection(SolutionProperties) = preSolution
		HideSolutionNode = FALSE
	EndGlobalSection
	GlobalSection(ExtensibilityGlobals) = postSolution
		SolutionGuid = {0C567A5E-C533-4F33-B1AC-C94F066894D4}
	EndGlobalSection
EndGlobal
