
Microsoft Visual Studio Solution File, Format Version 12.00
# Visual Studio Version 16
VisualStudioVersion = 16.0.30611.23
MinimumVisualStudioVersion = 10.0.40219.1
Project("{FAE04EC0-301F-11D3-BF4B-00C04F79EFBC}") = "ConsoleAppTestEvenementMajorite", "ConsoleAppTestEvenementMajorite\ConsoleAppTestEvenementMajorite.csproj", "{7EF2B33E-BC07-4A64-8594-4814A48DF8CF}"
EndProject
Project("{FAE04EC0-301F-11D3-BF4B-00C04F79EFBC}") = "ClassLibraryPersonne", "ClassLibraryPersonne\ClassLibraryPersonne.csproj", "{2FB8E5C0-ABB2-4DF2-A083-A7FEE52F61E8}"
EndProject
Project("{FAE04EC0-301F-11D3-BF4B-00C04F79EFBC}") = "WindowsFormsAppReagitAUnEvenement", "WindowsFormsAppReagitAUnEvenement\WindowsFormsAppReagitAUnEvenement.csproj", "{1B0F4064-9AD2-4A92-ACE0-3B39D0E06324}"
EndProject
Project("{FAE04EC0-301F-11D3-BF4B-00C04F79EFBC}") = "WindowsFormsControlLibrary", "WindowsFormsControlLibrary\WindowsFormsControlLibrary.csproj", "{FA1E4218-A87E-4EE7-BE17-5060DB6BB1B9}"
EndProject
Project("{FAE04EC0-301F-11D3-BF4B-00C04F79EFBC}") = "ClassLibraryTemp", "ClassLibraryMeteo\ClassLibraryTemp.csproj", "{0F52B9BF-FFE9-4805-92ED-FFC5852A54AA}"
EndProject
Project("{FAE04EC0-301F-11D3-BF4B-00C04F79EFBC}") = "ConsoleAppHumain", "ConsoleAppHumain\ConsoleAppHumain.csproj", "{99F660C9-838C-4F27-BE26-F6EAF010727D}"
EndProject
Project("{9A19103F-16F7-4668-BE54-9A1E7A4F7556}") = "ConsoleAppMeteo", "ConsoleAppMeteo\ConsoleAppMeteo.csproj", "{0DB083F8-16B0-4863-AE58-4280CF60D300}"
EndProject
Project("{FAE04EC0-301F-11D3-BF4B-00C04F79EFBC}") = "ConsoleAppMaison", "ConsoleAppMaison\ConsoleAppMaison.csproj", "{9A1801C4-FA78-4701-845E-B8B69A9B50AE}"
EndProject
Global
	GlobalSection(SolutionConfigurationPlatforms) = preSolution
		Debug|Any CPU = Debug|Any CPU
		Release|Any CPU = Release|Any CPU
	EndGlobalSection
	GlobalSection(ProjectConfigurationPlatforms) = postSolution
		{7EF2B33E-BC07-4A64-8594-4814A48DF8CF}.Debug|Any CPU.ActiveCfg = Debug|Any CPU
		{7EF2B33E-BC07-4A64-8594-4814A48DF8CF}.Debug|Any CPU.Build.0 = Debug|Any CPU
		{7EF2B33E-BC07-4A64-8594-4814A48DF8CF}.Release|Any CPU.ActiveCfg = Release|Any CPU
		{7EF2B33E-BC07-4A64-8594-4814A48DF8CF}.Release|Any CPU.Build.0 = Release|Any CPU
		{2FB8E5C0-ABB2-4DF2-A083-A7FEE52F61E8}.Debug|Any CPU.ActiveCfg = Debug|Any CPU
		{2FB8E5C0-ABB2-4DF2-A083-A7FEE52F61E8}.Debug|Any CPU.Build.0 = Debug|Any CPU
		{2FB8E5C0-ABB2-4DF2-A083-A7FEE52F61E8}.Release|Any CPU.ActiveCfg = Release|Any CPU
		{2FB8E5C0-ABB2-4DF2-A083-A7FEE52F61E8}.Release|Any CPU.Build.0 = Release|Any CPU
		{1B0F4064-9AD2-4A92-ACE0-3B39D0E06324}.Debug|Any CPU.ActiveCfg = Debug|Any CPU
		{1B0F4064-9AD2-4A92-ACE0-3B39D0E06324}.Debug|Any CPU.Build.0 = Debug|Any CPU
		{1B0F4064-9AD2-4A92-ACE0-3B39D0E06324}.Release|Any CPU.ActiveCfg = Release|Any CPU
		{1B0F4064-9AD2-4A92-ACE0-3B39D0E06324}.Release|Any CPU.Build.0 = Release|Any CPU
		{FA1E4218-A87E-4EE7-BE17-5060DB6BB1B9}.Debug|Any CPU.ActiveCfg = Debug|Any CPU
		{FA1E4218-A87E-4EE7-BE17-5060DB6BB1B9}.Debug|Any CPU.Build.0 = Debug|Any CPU
		{FA1E4218-A87E-4EE7-BE17-5060DB6BB1B9}.Release|Any CPU.ActiveCfg = Release|Any CPU
		{FA1E4218-A87E-4EE7-BE17-5060DB6BB1B9}.Release|Any CPU.Build.0 = Release|Any CPU
		{0F52B9BF-FFE9-4805-92ED-FFC5852A54AA}.Debug|Any CPU.ActiveCfg = Debug|Any CPU
		{0F52B9BF-FFE9-4805-92ED-FFC5852A54AA}.Debug|Any CPU.Build.0 = Debug|Any CPU
		{0F52B9BF-FFE9-4805-92ED-FFC5852A54AA}.Release|Any CPU.ActiveCfg = Release|Any CPU
		{0F52B9BF-FFE9-4805-92ED-FFC5852A54AA}.Release|Any CPU.Build.0 = Release|Any CPU
		{99F660C9-838C-4F27-BE26-F6EAF010727D}.Debug|Any CPU.ActiveCfg = Debug|Any CPU
		{99F660C9-838C-4F27-BE26-F6EAF010727D}.Debug|Any CPU.Build.0 = Debug|Any CPU
		{99F660C9-838C-4F27-BE26-F6EAF010727D}.Release|Any CPU.ActiveCfg = Release|Any CPU
		{99F660C9-838C-4F27-BE26-F6EAF010727D}.Release|Any CPU.Build.0 = Release|Any CPU
		{0DB083F8-16B0-4863-AE58-4280CF60D300}.Debug|Any CPU.ActiveCfg = Debug|Any CPU
		{0DB083F8-16B0-4863-AE58-4280CF60D300}.Debug|Any CPU.Build.0 = Debug|Any CPU
		{0DB083F8-16B0-4863-AE58-4280CF60D300}.Release|Any CPU.ActiveCfg = Release|Any CPU
		{0DB083F8-16B0-4863-AE58-4280CF60D300}.Release|Any CPU.Build.0 = Release|Any CPU
		{9A1801C4-FA78-4701-845E-B8B69A9B50AE}.Debug|Any CPU.ActiveCfg = Debug|Any CPU
		{9A1801C4-FA78-4701-845E-B8B69A9B50AE}.Debug|Any CPU.Build.0 = Debug|Any CPU
		{9A1801C4-FA78-4701-845E-B8B69A9B50AE}.Release|Any CPU.ActiveCfg = Release|Any CPU
		{9A1801C4-FA78-4701-845E-B8B69A9B50AE}.Release|Any CPU.Build.0 = Release|Any CPU
	EndGlobalSection
	GlobalSection(SolutionProperties) = preSolution
		HideSolutionNode = FALSE
	EndGlobalSection
	GlobalSection(ExtensibilityGlobals) = postSolution
		SolutionGuid = {84B00318-EFD5-4473-95DA-E91A0A692A6C}
	EndGlobalSection
EndGlobal
